
Microsoft Visual Studio Solution File, Format Version 12.00
# Visual Studio 15
VisualStudioVersion = 15.0.28307.106
MinimumVisualStudioVersion = 10.0.40219.1
Project("{FAE04EC0-301F-11D3-BF4B-00C04F79EFBC}") = "VolumeSlider.Android", "VolumeSlider\VolumeSlider.Android\VolumeSlider.Android.csproj", "{ABDA7010-EA8B-447F-9C7B-1E904811C39F}"
EndProject
Project("{FAE04EC0-301F-11D3-BF4B-00C04F79EFBC}") = "VolumeSlider.iOS", "VolumeSlider\VolumeSlider.iOS\VolumeSlider.iOS.csproj", "{45580895-5448-4AF2-8B7B-5EC0F5B0A7AE}"
EndProject
Project("{FAE04EC0-301F-11D3-BF4B-00C04F79EFBC}") = "VolumeSlider.UWP", "VolumeSlider\VolumeSlider.UWP\VolumeSlider.UWP.csproj", "{C9623CA9-D126-4E75-8DC4-CA0A22FCDB34}"
EndProject
Project("{FAE04EC0-301F-11D3-BF4B-00C04F79EFBC}") = "VolumeSlider", "VolumeSlider\VolumeSlider\VolumeSlider.csproj", "{A9CA5918-C6CB-48F2-A1BA-B789F5657667}"
EndProject
Global
	GlobalSection(SolutionConfigurationPlatforms) = preSolution
		Ad-Hoc|Any CPU = Ad-Hoc|Any CPU
		Ad-Hoc|ARM = Ad-Hoc|ARM
		Ad-Hoc|iPhone = Ad-Hoc|iPhone
		Ad-Hoc|iPhoneSimulator = Ad-Hoc|iPhoneSimulator
		Ad-Hoc|x64 = Ad-Hoc|x64
		Ad-Hoc|x86 = Ad-Hoc|x86
		AppStore|Any CPU = AppStore|Any CPU
		AppStore|ARM = AppStore|ARM
		AppStore|iPhone = AppStore|iPhone
		AppStore|iPhoneSimulator = AppStore|iPhoneSimulator
		AppStore|x64 = AppStore|x64
		AppStore|x86 = AppStore|x86
		Debug|Any CPU = Debug|Any CPU
		Debug|ARM = Debug|ARM
		Debug|iPhone = Debug|iPhone
		Debug|iPhoneSimulator = Debug|iPhoneSimulator
		Debug|x64 = Debug|x64
		Debug|x86 = Debug|x86
		Release|Any CPU = Release|Any CPU
		Release|ARM = Release|ARM
		Release|iPhone = Release|iPhone
		Release|iPhoneSimulator = Release|iPhoneSimulator
		Release|x64 = Release|x64
		Release|x86 = Release|x86
	EndGlobalSection
	GlobalSection(ProjectConfigurationPlatforms) = postSolution
		{ABDA7010-EA8B-447F-9C7B-1E904811C39F}.Ad-Hoc|Any CPU.ActiveCfg = Release|Any CPU
		{ABDA7010-EA8B-447F-9C7B-1E904811C39F}.Ad-Hoc|Any CPU.Build.0 = Release|Any CPU
		{ABDA7010-EA8B-447F-9C7B-1E904811C39F}.Ad-Hoc|Any CPU.Deploy.0 = Release|Any CPU
		{ABDA7010-EA8B-447F-9C7B-1E904811C39F}.Ad-Hoc|ARM.ActiveCfg = Release|Any CPU
		{ABDA7010-EA8B-447F-9C7B-1E904811C39F}.Ad-Hoc|ARM.Build.0 = Release|Any CPU
		{ABDA7010-EA8B-447F-9C7B-1E904811C39F}.Ad-Hoc|ARM.Deploy.0 = Release|Any CPU
		{ABDA7010-EA8B-447F-9C7B-1E904811C39F}.Ad-Hoc|iPhone.ActiveCfg = Release|Any CPU
		{ABDA7010-EA8B-447F-9C7B-1E904811C39F}.Ad-Hoc|iPhone.Build.0 = Release|Any CPU
		{ABDA7010-EA8B-447F-9C7B-1E904811C39F}.Ad-Hoc|iPhone.Deploy.0 = Release|Any CPU
		{ABDA7010-EA8B-447F-9C7B-1E904811C39F}.Ad-Hoc|iPhoneSimulator.ActiveCfg = Release|Any CPU
		{ABDA7010-EA8B-447F-9C7B-1E904811C39F}.Ad-Hoc|iPhoneSimulator.Build.0 = Release|Any CPU
		{ABDA7010-EA8B-447F-9C7B-1E904811C39F}.Ad-Hoc|iPhoneSimulator.Deploy.0 = Release|Any CPU
		{ABDA7010-EA8B-447F-9C7B-1E904811C39F}.Ad-Hoc|x64.ActiveCfg = Release|Any CPU
		{ABDA7010-EA8B-447F-9C7B-1E904811C39F}.Ad-Hoc|x64.Build.0 = Release|Any CPU
		{ABDA7010-EA8B-447F-9C7B-1E904811C39F}.Ad-Hoc|x64.Deploy.0 = Release|Any CPU
		{ABDA7010-EA8B-447F-9C7B-1E904811C39F}.Ad-Hoc|x86.ActiveCfg = Release|Any CPU
		{ABDA7010-EA8B-447F-9C7B-1E904811C39F}.Ad-Hoc|x86.Build.0 = Release|Any CPU
		{ABDA7010-EA8B-447F-9C7B-1E904811C39F}.Ad-Hoc|x86.Deploy.0 = Release|Any CPU
		{ABDA7010-EA8B-447F-9C7B-1E904811C39F}.AppStore|Any CPU.ActiveCfg = Release|Any CPU
		{ABDA7010-EA8B-447F-9C7B-1E904811C39F}.AppStore|Any CPU.Build.0 = Release|Any CPU
		{ABDA7010-EA8B-447F-9C7B-1E904811C39F}.AppStore|Any CPU.Deploy.0 = Release|Any CPU
		{ABDA7010-EA8B-447F-9C7B-1E904811C39F}.AppStore|ARM.ActiveCfg = Release|Any CPU
		{ABDA7010-EA8B-447F-9C7B-1E904811C39F}.AppStore|ARM.Build.0 = Release|Any CPU
		{ABDA7010-EA8B-447F-9C7B-1E904811C39F}.AppStore|ARM.Deploy.0 = Release|Any CPU
		{ABDA7010-EA8B-447F-9C7B-1E904811C39F}.AppStore|iPhone.ActiveCfg = Release|Any CPU
		{ABDA7010-EA8B-447F-9C7B-1E904811C39F}.AppStore|iPhone.Build.0 = Release|Any CPU
		{ABDA7010-EA8B-447F-9C7B-1E904811C39F}.AppStore|iPhone.Deploy.0 = Release|Any CPU
		{ABDA7010-EA8B-447F-9C7B-1E904811C39F}.AppStore|iPhoneSimulator.ActiveCfg = Release|Any CPU
		{ABDA7010-EA8B-447F-9C7B-1E904811C39F}.AppStore|iPhoneSimulator.Build.0 = Release|Any CPU
		{ABDA7010-EA8B-447F-9C7B-1E904811C39F}.AppStore|iPhoneSimulator.Deploy.0 = Release|Any CPU
		{ABDA7010-EA8B-447F-9C7B-1E904811C39F}.AppStore|x64.ActiveCfg = Release|Any CPU
		{ABDA7010-EA8B-447F-9C7B-1E904811C39F}.AppStore|x64.Build.0 = Release|Any CPU
		{ABDA7010-EA8B-447F-9C7B-1E904811C39F}.AppStore|x64.Deploy.0 = Release|Any CPU
		{ABDA7010-EA8B-447F-9C7B-1E904811C39F}.AppStore|x86.ActiveCfg = Release|Any CPU
		{ABDA7010-EA8B-447F-9C7B-1E904811C39F}.AppStore|x86.Build.0 = Release|Any CPU
		{ABDA7010-EA8B-447F-9C7B-1E904811C39F}.AppStore|x86.Deploy.0 = Release|Any CPU
		{ABDA7010-EA8B-447F-9C7B-1E904811C39F}.Debug|Any CPU.ActiveCfg = Debug|Any CPU
		{ABDA7010-EA8B-447F-9C7B-1E904811C39F}.Debug|Any CPU.Build.0 = Debug|Any CPU
		{ABDA7010-EA8B-447F-9C7B-1E904811C39F}.Debug|Any CPU.Deploy.0 = Debug|Any CPU
		{ABDA7010-EA8B-447F-9C7B-1E904811C39F}.Debug|ARM.ActiveCfg = Debug|Any CPU
		{ABDA7010-EA8B-447F-9C7B-1E904811C39F}.Debug|ARM.Build.0 = Debug|Any CPU
		{ABDA7010-EA8B-447F-9C7B-1E904811C39F}.Debug|ARM.Deploy.0 = Debug|Any CPU
		{ABDA7010-EA8B-447F-9C7B-1E904811C39F}.Debug|iPhone.ActiveCfg = Debug|Any CPU
		{ABDA7010-EA8B-447F-9C7B-1E904811C39F}.Debug|iPhone.Build.0 = Debug|Any CPU
		{ABDA7010-EA8B-447F-9C7B-1E904811C39F}.Debug|iPhone.Deploy.0 = Debug|Any CPU
		{ABDA7010-EA8B-447F-9C7B-1E904811C39F}.Debug|iPhoneSimulator.ActiveCfg = Debug|Any CPU
		{ABDA7010-EA8B-447F-9C7B-1E904811C39F}.Debug|iPhoneSimulator.Build.0 = Debug|Any CPU
		{ABDA7010-EA8B-447F-9C7B-1E904811C39F}.Debug|iPhoneSimulator.Deploy.0 = Debug|Any CPU
		{ABDA7010-EA8B-447F-9C7B-1E904811C39F}.Debug|x64.ActiveCfg = Debug|Any CPU
		{ABDA7010-EA8B-447F-9C7B-1E904811C39F}.Debug|x64.Build.0 = Debug|Any CPU
		{ABDA7010-EA8B-447F-9C7B-1E904811C39F}.Debug|x64.Deploy.0 = Debug|Any CPU
		{ABDA7010-EA8B-447F-9C7B-1E904811C39F}.Debug|x86.ActiveCfg = Debug|Any CPU
		{ABDA7010-EA8B-447F-9C7B-1E904811C39F}.Debug|x86.Build.0 = Debug|Any CPU
		{ABDA7010-EA8B-447F-9C7B-1E904811C39F}.Debug|x86.Deploy.0 = Debug|Any CPU
		{ABDA7010-EA8B-447F-9C7B-1E904811C39F}.Release|Any CPU.ActiveCfg = Release|Any CPU
		{ABDA7010-EA8B-447F-9C7B-1E904811C39F}.Release|Any CPU.Build.0 = Release|Any CPU
		{ABDA7010-EA8B-447F-9C7B-1E904811C39F}.Release|Any CPU.Deploy.0 = Release|Any CPU
		{ABDA7010-EA8B-447F-9C7B-1E904811C39F}.Release|ARM.ActiveCfg = Release|Any CPU
		{ABDA7010-EA8B-447F-9C7B-1E904811C39F}.Release|ARM.Build.0 = Release|Any CPU
		{ABDA7010-EA8B-447F-9C7B-1E904811C39F}.Release|ARM.Deploy.0 = Release|Any CPU
		{ABDA7010-EA8B-447F-9C7B-1E904811C39F}.Release|iPhone.ActiveCfg = Release|Any CPU
		{ABDA7010-EA8B-447F-9C7B-1E904811C39F}.Release|iPhone.Build.0 = Release|Any CPU
		{ABDA7010-EA8B-447F-9C7B-1E904811C39F}.Release|iPhone.Deploy.0 = Release|Any CPU
		{ABDA7010-EA8B-447F-9C7B-1E904811C39F}.Release|iPhoneSimulator.ActiveCfg = Release|Any CPU
		{ABDA7010-EA8B-447F-9C7B-1E904811C39F}.Release|iPhoneSimulator.Build.0 = Release|Any CPU
		{ABDA7010-EA8B-447F-9C7B-1E904811C39F}.Release|iPhoneSimulator.Deploy.0 = Release|Any CPU
		{ABDA7010-EA8B-447F-9C7B-1E904811C39F}.Release|x64.ActiveCfg = Release|Any CPU
		{ABDA7010-EA8B-447F-9C7B-1E904811C39F}.Release|x64.Build.0 = Release|Any CPU
		{ABDA7010-EA8B-447F-9C7B-1E904811C39F}.Release|x64.Deploy.0 = Release|Any CPU
		{ABDA7010-EA8B-447F-9C7B-1E904811C39F}.Release|x86.ActiveCfg = Release|Any CPU
		{ABDA7010-EA8B-447F-9C7B-1E904811C39F}.Release|x86.Build.0 = Release|Any CPU
		{ABDA7010-EA8B-447F-9C7B-1E904811C39F}.Release|x86.Deploy.0 = Release|Any CPU
		{45580895-5448-4AF2-8B7B-5EC0F5B0A7AE}.Ad-Hoc|Any CPU.ActiveCfg = Ad-Hoc|iPhone
		{45580895-5448-4AF2-8B7B-5EC0F5B0A7AE}.Ad-Hoc|Any CPU.Build.0 = Ad-Hoc|iPhone
		{45580895-5448-4AF2-8B7B-5EC0F5B0A7AE}.Ad-Hoc|Any CPU.Deploy.0 = Ad-Hoc|iPhone
		{45580895-5448-4AF2-8B7B-5EC0F5B0A7AE}.Ad-Hoc|ARM.ActiveCfg = Ad-Hoc|iPhone
		{45580895-5448-4AF2-8B7B-5EC0F5B0A7AE}.Ad-Hoc|ARM.Build.0 = Ad-Hoc|iPhone
		{45580895-5448-4AF2-8B7B-5EC0F5B0A7AE}.Ad-Hoc|ARM.Deploy.0 = Ad-Hoc|iPhone
		{45580895-5448-4AF2-8B7B-5EC0F5B0A7AE}.Ad-Hoc|iPhone.ActiveCfg = Ad-Hoc|iPhone
		{45580895-5448-4AF2-8B7B-5EC0F5B0A7AE}.Ad-Hoc|iPhone.Build.0 = Ad-Hoc|iPhone
		{45580895-5448-4AF2-8B7B-5EC0F5B0A7AE}.Ad-Hoc|iPhone.Deploy.0 = Ad-Hoc|iPhone
		{45580895-5448-4AF2-8B7B-5EC0F5B0A7AE}.Ad-Hoc|iPhoneSimulator.ActiveCfg = Ad-Hoc|iPhoneSimulator
		{45580895-5448-4AF2-8B7B-5EC0F5B0A7AE}.Ad-Hoc|iPhoneSimulator.Build.0 = Ad-Hoc|iPhoneSimulator
		{45580895-5448-4AF2-8B7B-5EC0F5B0A7AE}.Ad-Hoc|iPhoneSimulator.Deploy.0 = Ad-Hoc|iPhoneSimulator
		{45580895-5448-4AF2-8B7B-5EC0F5B0A7AE}.Ad-Hoc|x64.ActiveCfg = Ad-Hoc|iPhone
		{45580895-5448-4AF2-8B7B-5EC0F5B0A7AE}.Ad-Hoc|x64.Build.0 = Ad-Hoc|iPhone
		{45580895-5448-4AF2-8B7B-5EC0F5B0A7AE}.Ad-Hoc|x64.Deploy.0 = Ad-Hoc|iPhone
		{45580895-5448-4AF2-8B7B-5EC0F5B0A7AE}.Ad-Hoc|x86.ActiveCfg = Ad-Hoc|iPhone
		{45580895-5448-4AF2-8B7B-5EC0F5B0A7AE}.Ad-Hoc|x86.Build.0 = Ad-Hoc|iPhone
		{45580895-5448-4AF2-8B7B-5EC0F5B0A7AE}.Ad-Hoc|x86.Deploy.0 = Ad-Hoc|iPhone
		{45580895-5448-4AF2-8B7B-5EC0F5B0A7AE}.AppStore|Any CPU.ActiveCfg = AppStore|iPhone
		{45580895-5448-4AF2-8B7B-5EC0F5B0A7AE}.AppStore|Any CPU.Build.0 = AppStore|iPhone
		{45580895-5448-4AF2-8B7B-5EC0F5B0A7AE}.AppStore|Any CPU.Deploy.0 = AppStore|iPhone
		{45580895-5448-4AF2-8B7B-5EC0F5B0A7AE}.AppStore|ARM.ActiveCfg = AppStore|iPhone
		{45580895-5448-4AF2-8B7B-5EC0F5B0A7AE}.AppStore|ARM.Build.0 = AppStore|iPhone
		{45580895-5448-4AF2-8B7B-5EC0F5B0A7AE}.AppStore|ARM.Deploy.0 = AppStore|iPhone
		{45580895-5448-4AF2-8B7B-5EC0F5B0A7AE}.AppStore|iPhone.ActiveCfg = AppStore|iPhone
		{45580895-5448-4AF2-8B7B-5EC0F5B0A7AE}.AppStore|iPhone.Build.0 = AppStore|iPhone
		{45580895-5448-4AF2-8B7B-5EC0F5B0A7AE}.AppStore|iPhone.Deploy.0 = AppStore|iPhone
		{45580895-5448-4AF2-8B7B-5EC0F5B0A7AE}.AppStore|iPhoneSimulator.ActiveCfg = AppStore|iPhoneSimulator
		{45580895-5448-4AF2-8B7B-5EC0F5B0A7AE}.AppStore|iPhoneSimulator.Build.0 = AppStore|iPhoneSimulator
		{45580895-5448-4AF2-8B7B-5EC0F5B0A7AE}.AppStore|iPhoneSimulator.Deploy.0 = AppStore|iPhoneSimulator
		{45580895-5448-4AF2-8B7B-5EC0F5B0A7AE}.AppStore|x64.ActiveCfg = AppStore|iPhone
		{45580895-5448-4AF2-8B7B-5EC0F5B0A7AE}.AppStore|x64.Build.0 = AppStore|iPhone
		{45580895-5448-4AF2-8B7B-5EC0F5B0A7AE}.AppStore|x64.Deploy.0 = AppStore|iPhone
		{45580895-5448-4AF2-8B7B-5EC0F5B0A7AE}.AppStore|x86.ActiveCfg = AppStore|iPhone
		{45580895-5448-4AF2-8B7B-5EC0F5B0A7AE}.AppStore|x86.Build.0 = AppStore|iPhone
		{45580895-5448-4AF2-8B7B-5EC0F5B0A7AE}.AppStore|x86.Deploy.0 = AppStore|iPhone
		{45580895-5448-4AF2-8B7B-5EC0F5B0A7AE}.Debug|Any CPU.ActiveCfg = Debug|iPhoneSimulator
		{45580895-5448-4AF2-8B7B-5EC0F5B0A7AE}.Debug|Any CPU.Build.0 = Debug|iPhoneSimulator
		{45580895-5448-4AF2-8B7B-5EC0F5B0A7AE}.Debug|Any CPU.Deploy.0 = Debug|iPhoneSimulator
		{45580895-5448-4AF2-8B7B-5EC0F5B0A7AE}.Debug|ARM.ActiveCfg = Debug|iPhone
		{45580895-5448-4AF2-8B7B-5EC0F5B0A7AE}.Debug|ARM.Build.0 = Debug|iPhone
		{45580895-5448-4AF2-8B7B-5EC0F5B0A7AE}.Debug|ARM.Deploy.0 = Debug|iPhone
		{45580895-5448-4AF2-8B7B-5EC0F5B0A7AE}.Debug|iPhone.ActiveCfg = Debug|iPhone
		{45580895-5448-4AF2-8B7B-5EC0F5B0A7AE}.Debug|iPhone.Build.0 = Debug|iPhone
		{45580895-5448-4AF2-8B7B-5EC0F5B0A7AE}.Debug|iPhone.Deploy.0 = Debug|iPhone
		{45580895-5448-4AF2-8B7B-5EC0F5B0A7AE}.Debug|iPhoneSimulator.ActiveCfg = Debug|iPhoneSimulator
		{45580895-5448-4AF2-8B7B-5EC0F5B0A7AE}.Debug|iPhoneSimulator.Build.0 = Debug|iPhoneSimulator
		{45580895-5448-4AF2-8B7B-5EC0F5B0A7AE}.Debug|iPhoneSimulator.Deploy.0 = Debug|iPhoneSimulator
		{45580895-5448-4AF2-8B7B-5EC0F5B0A7AE}.Debug|x64.ActiveCfg = Debug|iPhone
		{45580895-5448-4AF2-8B7B-5EC0F5B0A7AE}.Debug|x64.Build.0 = Debug|iPhone
		{45580895-5448-4AF2-8B7B-5EC0F5B0A7AE}.Debug|x64.Deploy.0 = Debug|iPhone
		{45580895-5448-4AF2-8B7B-5EC0F5B0A7AE}.Debug|x86.ActiveCfg = Debug|iPhone
		{45580895-5448-4AF2-8B7B-5EC0F5B0A7AE}.Debug|x86.Build.0 = Debug|iPhone
		{45580895-5448-4AF2-8B7B-5EC0F5B0A7AE}.Debug|x86.Deploy.0 = Debug|iPhone
		{45580895-5448-4AF2-8B7B-5EC0F5B0A7AE}.Release|Any CPU.ActiveCfg = Release|iPhone
		{45580895-5448-4AF2-8B7B-5EC0F5B0A7AE}.Release|Any CPU.Build.0 = Release|iPhone
		{45580895-5448-4AF2-8B7B-5EC0F5B0A7AE}.Release|Any CPU.Deploy.0 = Release|iPhone
		{45580895-5448-4AF2-8B7B-5EC0F5B0A7AE}.Release|ARM.ActiveCfg = Release|iPhone
		{45580895-5448-4AF2-8B7B-5EC0F5B0A7AE}.Release|ARM.Build.0 = Release|iPhone
		{45580895-5448-4AF2-8B7B-5EC0F5B0A7AE}.Release|ARM.Deploy.0 = Release|iPhone
		{45580895-5448-4AF2-8B7B-5EC0F5B0A7AE}.Release|iPhone.ActiveCfg = Release|iPhone
		{45580895-5448-4AF2-8B7B-5EC0F5B0A7AE}.Release|iPhone.Build.0 = Release|iPhone
		{45580895-5448-4AF2-8B7B-5EC0F5B0A7AE}.Release|iPhone.Deploy.0 = Release|iPhone
		{45580895-5448-4AF2-8B7B-5EC0F5B0A7AE}.Release|iPhoneSimulator.ActiveCfg = Release|iPhoneSimulator
		{45580895-5448-4AF2-8B7B-5EC0F5B0A7AE}.Release|iPhoneSimulator.Build.0 = Release|iPhoneSimulator
		{45580895-5448-4AF2-8B7B-5EC0F5B0A7AE}.Release|iPhoneSimulator.Deploy.0 = Release|iPhoneSimulator
		{45580895-5448-4AF2-8B7B-5EC0F5B0A7AE}.Release|x64.ActiveCfg = Release|iPhone
		{45580895-5448-4AF2-8B7B-5EC0F5B0A7AE}.Release|x64.Build.0 = Release|iPhone
		{45580895-5448-4AF2-8B7B-5EC0F5B0A7AE}.Release|x64.Deploy.0 = Release|iPhone
		{45580895-5448-4AF2-8B7B-5EC0F5B0A7AE}.Release|x86.ActiveCfg = Release|iPhone
		{45580895-5448-4AF2-8B7B-5EC0F5B0A7AE}.Release|x86.Build.0 = Release|iPhone
		{45580895-5448-4AF2-8B7B-5EC0F5B0A7AE}.Release|x86.Deploy.0 = Release|iPhone
		{C9623CA9-D126-4E75-8DC4-CA0A22FCDB34}.Ad-Hoc|Any CPU.ActiveCfg = Release|x86
		{C9623CA9-D126-4E75-8DC4-CA0A22FCDB34}.Ad-Hoc|Any CPU.Build.0 = Release|x86
		{C9623CA9-D126-4E75-8DC4-CA0A22FCDB34}.Ad-Hoc|Any CPU.Deploy.0 = Release|x86
		{C9623CA9-D126-4E75-8DC4-CA0A22FCDB34}.Ad-Hoc|ARM.ActiveCfg = Release|ARM
		{C9623CA9-D126-4E75-8DC4-CA0A22FCDB34}.Ad-Hoc|ARM.Build.0 = Release|ARM
		{C9623CA9-D126-4E75-8DC4-CA0A22FCDB34}.Ad-Hoc|ARM.Deploy.0 = Release|ARM
		{C9623CA9-D126-4E75-8DC4-CA0A22FCDB34}.Ad-Hoc|iPhone.ActiveCfg = Release|x86
		{C9623CA9-D126-4E75-8DC4-CA0A22FCDB34}.Ad-Hoc|iPhone.Build.0 = Release|x86
		{C9623CA9-D126-4E75-8DC4-CA0A22FCDB34}.Ad-Hoc|iPhone.Deploy.0 = Release|x86
		{C9623CA9-D126-4E75-8DC4-CA0A22FCDB34}.Ad-Hoc|iPhoneSimulator.ActiveCfg = Release|x86
		{C9623CA9-D126-4E75-8DC4-CA0A22FCDB34}.Ad-Hoc|iPhoneSimulator.Build.0 = Release|x86
		{C9623CA9-D126-4E75-8DC4-CA0A22FCDB34}.Ad-Hoc|iPhoneSimulator.Deploy.0 = Release|x86
		{C9623CA9-D126-4E75-8DC4-CA0A22FCDB34}.Ad-Hoc|x64.ActiveCfg = Release|x64
		{C9623CA9-D126-4E75-8DC4-CA0A22FCDB34}.Ad-Hoc|x64.Build.0 = Release|x64
		{C9623CA9-D126-4E75-8DC4-CA0A22FCDB34}.Ad-Hoc|x64.Deploy.0 = Release|x64
		{C9623CA9-D126-4E75-8DC4-CA0A22FCDB34}.Ad-Hoc|x86.ActiveCfg = Release|x86
		{C9623CA9-D126-4E75-8DC4-CA0A22FCDB34}.Ad-Hoc|x86.Build.0 = Release|x86
		{C9623CA9-D126-4E75-8DC4-CA0A22FCDB34}.Ad-Hoc|x86.Deploy.0 = Release|x86
		{C9623CA9-D126-4E75-8DC4-CA0A22FCDB34}.AppStore|Any CPU.ActiveCfg = Release|x86
		{C9623CA9-D126-4E75-8DC4-CA0A22FCDB34}.AppStore|Any CPU.Build.0 = Release|x86
		{C9623CA9-D126-4E75-8DC4-CA0A22FCDB34}.AppStore|Any CPU.Deploy.0 = Release|x86
		{C9623CA9-D126-4E75-8DC4-CA0A22FCDB34}.AppStore|ARM.ActiveCfg = Release|ARM
		{C9623CA9-D126-4E75-8DC4-CA0A22FCDB34}.AppStore|ARM.Build.0 = Release|ARM
		{C9623CA9-D126-4E75-8DC4-CA0A22FCDB34}.AppStore|ARM.Deploy.0 = Release|ARM
		{C9623CA9-D126-4E75-8DC4-CA0A22FCDB34}.AppStore|iPhone.ActiveCfg = Release|x86
		{C9623CA9-D126-4E75-8DC4-CA0A22FCDB34}.AppStore|iPhone.Build.0 = Release|x86
		{C9623CA9-D126-4E75-8DC4-CA0A22FCDB34}.AppStore|iPhone.Deploy.0 = Release|x86
		{C9623CA9-D126-4E75-8DC4-CA0A22FCDB34}.AppStore|iPhoneSimulator.ActiveCfg = Release|x86
		{C9623CA9-D126-4E75-8DC4-CA0A22FCDB34}.AppStore|iPhoneSimulator.Build.0 = Release|x86
		{C9623CA9-D126-4E75-8DC4-CA0A22FCDB34}.AppStore|iPhoneSimulator.Deploy.0 = Release|x86
		{C9623CA9-D126-4E75-8DC4-CA0A22FCDB34}.AppStore|x64.ActiveCfg = Release|x64
		{C9623CA9-D126-4E75-8DC4-CA0A22FCDB34}.AppStore|x64.Build.0 = Release|x64
		{C9623CA9-D126-4E75-8DC4-CA0A22FCDB34}.AppStore|x64.Deploy.0 = Release|x64
		{C9623CA9-D126-4E75-8DC4-CA0A22FCDB34}.AppStore|x86.ActiveCfg = Release|x86
		{C9623CA9-D126-4E75-8DC4-CA0A22FCDB34}.AppStore|x86.Build.0 = Release|x86
		{C9623CA9-D126-4E75-8DC4-CA0A22FCDB34}.AppStore|x86.Deploy.0 = Release|x86
		{C9623CA9-D126-4E75-8DC4-CA0A22FCDB34}.Debug|Any CPU.ActiveCfg = Debug|x86
		{C9623CA9-D126-4E75-8DC4-CA0A22FCDB34}.Debug|Any CPU.Build.0 = Debug|x86
		{C9623CA9-D126-4E75-8DC4-CA0A22FCDB34}.Debug|Any CPU.Deploy.0 = Debug|x86
		{C9623CA9-D126-4E75-8DC4-CA0A22FCDB34}.Debug|ARM.ActiveCfg = Debug|ARM
		{C9623CA9-D126-4E75-8DC4-CA0A22FCDB34}.Debug|ARM.Build.0 = Debug|ARM
		{C9623CA9-D126-4E75-8DC4-CA0A22FCDB34}.Debug|ARM.Deploy.0 = Debug|ARM
		{C9623CA9-D126-4E75-8DC4-CA0A22FCDB34}.Debug|iPhone.ActiveCfg = Debug|x86
		{C9623CA9-D126-4E75-8DC4-CA0A22FCDB34}.Debug|iPhone.Build.0 = Debug|x86
		{C9623CA9-D126-4E75-8DC4-CA0A22FCDB34}.Debug|iPhone.Deploy.0 = Debug|x86
		{C9623CA9-D126-4E75-8DC4-CA0A22FCDB34}.Debug|iPhoneSimulator.ActiveCfg = Debug|x86
		{C9623CA9-D126-4E75-8DC4-CA0A22FCDB34}.Debug|iPhoneSimulator.Build.0 = Debug|x86
		{C9623CA9-D126-4E75-8DC4-CA0A22FCDB34}.Debug|iPhoneSimulator.Deploy.0 = Debug|x86
		{C9623CA9-D126-4E75-8DC4-CA0A22FCDB34}.Debug|x64.ActiveCfg = Debug|x64
		{C9623CA9-D126-4E75-8DC4-CA0A22FCDB34}.Debug|x64.Build.0 = Debug|x64
		{C9623CA9-D126-4E75-8DC4-CA0A22FCDB34}.Debug|x64.Deploy.0 = Debug|x64
		{C9623CA9-D126-4E75-8DC4-CA0A22FCDB34}.Debug|x86.ActiveCfg = Debug|x86
		{C9623CA9-D126-4E75-8DC4-CA0A22FCDB34}.Debug|x86.Build.0 = Debug|x86
		{C9623CA9-D126-4E75-8DC4-CA0A22FCDB34}.Debug|x86.Deploy.0 = Debug|x86
		{C9623CA9-D126-4E75-8DC4-CA0A22FCDB34}.Release|Any CPU.ActiveCfg = Release|x86
		{C9623CA9-D126-4E75-8DC4-CA0A22FCDB34}.Release|Any CPU.Build.0 = Release|x86
		{C9623CA9-D126-4E75-8DC4-CA0A22FCDB34}.Release|Any CPU.Deploy.0 = Release|x86
		{C9623CA9-D126-4E75-8DC4-CA0A22FCDB34}.Release|ARM.ActiveCfg = Release|ARM
		{C9623CA9-D126-4E75-8DC4-CA0A22FCDB34}.Release|ARM.Build.0 = Release|ARM
		{C9623CA9-D126-4E75-8DC4-CA0A22FCDB34}.Release|ARM.Deploy.0 = Release|ARM
		{C9623CA9-D126-4E75-8DC4-CA0A22FCDB34}.Release|iPhone.ActiveCfg = Release|x86
		{C9623CA9-D126-4E75-8DC4-CA0A22FCDB34}.Release|iPhone.Build.0 = Release|x86
		{C9623CA9-D126-4E75-8DC4-CA0A22FCDB34}.Release|iPhone.Deploy.0 = Release|x86
		{C9623CA9-D126-4E75-8DC4-CA0A22FCDB34}.Release|iPhoneSimulator.ActiveCfg = Release|x86
		{C9623CA9-D126-4E75-8DC4-CA0A22FCDB34}.Release|iPhoneSimulator.Build.0 = Release|x86
		{C9623CA9-D126-4E75-8DC4-CA0A22FCDB34}.Release|iPhoneSimulator.Deploy.0 = Release|x86
		{C9623CA9-D126-4E75-8DC4-CA0A22FCDB34}.Release|x64.ActiveCfg = Release|x64
		{C9623CA9-D126-4E75-8DC4-CA0A22FCDB34}.Release|x64.Build.0 = Release|x64
		{C9623CA9-D126-4E75-8DC4-CA0A22FCDB34}.Release|x64.Deploy.0 = Release|x64
		{C9623CA9-D126-4E75-8DC4-CA0A22FCDB34}.Release|x86.ActiveCfg = Release|x86
		{C9623CA9-D126-4E75-8DC4-CA0A22FCDB34}.Release|x86.Build.0 = Release|x86
		{C9623CA9-D126-4E75-8DC4-CA0A22FCDB34}.Release|x86.Deploy.0 = Release|x86
		{A9CA5918-C6CB-48F2-A1BA-B789F5657667}.Ad-Hoc|Any CPU.ActiveCfg = Debug|Any CPU
		{A9CA5918-C6CB-48F2-A1BA-B789F5657667}.Ad-Hoc|Any CPU.Build.0 = Debug|Any CPU
		{A9CA5918-C6CB-48F2-A1BA-B789F5657667}.Ad-Hoc|Any CPU.Deploy.0 = Debug|Any CPU
		{A9CA5918-C6CB-48F2-A1BA-B789F5657667}.Ad-Hoc|ARM.ActiveCfg = Debug|Any CPU
		{A9CA5918-C6CB-48F2-A1BA-B789F5657667}.Ad-Hoc|ARM.Build.0 = Debug|Any CPU
		{A9CA5918-C6CB-48F2-A1BA-B789F5657667}.Ad-Hoc|ARM.Deploy.0 = Debug|Any CPU
		{A9CA5918-C6CB-48F2-A1BA-B789F5657667}.Ad-Hoc|iPhone.ActiveCfg = Debug|Any CPU
		{A9CA5918-C6CB-48F2-A1BA-B789F5657667}.Ad-Hoc|iPhone.Build.0 = Debug|Any CPU
		{A9CA5918-C6CB-48F2-A1BA-B789F5657667}.Ad-Hoc|iPhone.Deploy.0 = Debug|Any CPU
		{A9CA5918-C6CB-48F2-A1BA-B789F5657667}.Ad-Hoc|iPhoneSimulator.ActiveCfg = Debug|Any CPU
		{A9CA5918-C6CB-48F2-A1BA-B789F5657667}.Ad-Hoc|iPhoneSimulator.Build.0 = Debug|Any CPU
		{A9CA5918-C6CB-48F2-A1BA-B789F5657667}.Ad-Hoc|iPhoneSimulator.Deploy.0 = Debug|Any CPU
		{A9CA5918-C6CB-48F2-A1BA-B789F5657667}.Ad-Hoc|x64.ActiveCfg = Debug|Any CPU
		{A9CA5918-C6CB-48F2-A1BA-B789F5657667}.Ad-Hoc|x64.Build.0 = Debug|Any CPU
		{A9CA5918-C6CB-48F2-A1BA-B789F5657667}.Ad-Hoc|x64.Deploy.0 = Debug|Any CPU
		{A9CA5918-C6CB-48F2-A1BA-B789F5657667}.Ad-Hoc|x86.ActiveCfg = Debug|Any CPU
		{A9CA5918-C6CB-48F2-A1BA-B789F5657667}.Ad-Hoc|x86.Build.0 = Debug|Any CPU
		{A9CA5918-C6CB-48F2-A1BA-B789F5657667}.Ad-Hoc|x86.Deploy.0 = Debug|Any CPU
		{A9CA5918-C6CB-48F2-A1BA-B789F5657667}.AppStore|Any CPU.ActiveCfg = Debug|Any CPU
		{A9CA5918-C6CB-48F2-A1BA-B789F5657667}.AppStore|Any CPU.Build.0 = Debug|Any CPU
		{A9CA5918-C6CB-48F2-A1BA-B789F5657667}.AppStore|Any CPU.Deploy.0 = Debug|Any CPU
		{A9CA5918-C6CB-48F2-A1BA-B789F5657667}.AppStore|ARM.ActiveCfg = Debug|Any CPU
		{A9CA5918-C6CB-48F2-A1BA-B789F5657667}.AppStore|ARM.Build.0 = Debug|Any CPU
		{A9CA5918-C6CB-48F2-A1BA-B789F5657667}.AppStore|ARM.Deploy.0 = Debug|Any CPU
		{A9CA5918-C6CB-48F2-A1BA-B789F5657667}.AppStore|iPhone.ActiveCfg = Debug|Any CPU
		{A9CA5918-C6CB-48F2-A1BA-B789F5657667}.AppStore|iPhone.Build.0 = Debug|Any CPU
		{A9CA5918-C6CB-48F2-A1BA-B789F5657667}.AppStore|iPhone.Deploy.0 = Debug|Any CPU
		{A9CA5918-C6CB-48F2-A1BA-B789F5657667}.AppStore|iPhoneSimulator.ActiveCfg = Debug|Any CPU
		{A9CA5918-C6CB-48F2-A1BA-B789F5657667}.AppStore|iPhoneSimulator.Build.0 = Debug|Any CPU
		{A9CA5918-C6CB-48F2-A1BA-B789F5657667}.AppStore|iPhoneSimulator.Deploy.0 = Debug|Any CPU
		{A9CA5918-C6CB-48F2-A1BA-B789F5657667}.AppStore|x64.ActiveCfg = Debug|Any CPU
		{A9CA5918-C6CB-48F2-A1BA-B789F5657667}.AppStore|x64.Build.0 = Debug|Any CPU
		{A9CA5918-C6CB-48F2-A1BA-B789F5657667}.AppStore|x64.Deploy.0 = Debug|Any CPU
		{A9CA5918-C6CB-48F2-A1BA-B789F5657667}.AppStore|x86.ActiveCfg = Debug|Any CPU
		{A9CA5918-C6CB-48F2-A1BA-B789F5657667}.AppStore|x86.Build.0 = Debug|Any CPU
		{A9CA5918-C6CB-48F2-A1BA-B789F5657667}.AppStore|x86.Deploy.0 = Debug|Any CPU
		{A9CA5918-C6CB-48F2-A1BA-B789F5657667}.Debug|Any CPU.ActiveCfg = Debug|Any CPU
		{A9CA5918-C6CB-48F2-A1BA-B789F5657667}.Debug|Any CPU.Build.0 = Debug|Any CPU
		{A9CA5918-C6CB-48F2-A1BA-B789F5657667}.Debug|Any CPU.Deploy.0 = Debug|Any CPU
		{A9CA5918-C6CB-48F2-A1BA-B789F5657667}.Debug|ARM.ActiveCfg = Debug|Any CPU
		{A9CA5918-C6CB-48F2-A1BA-B789F5657667}.Debug|ARM.Build.0 = Debug|Any CPU
		{A9CA5918-C6CB-48F2-A1BA-B789F5657667}.Debug|ARM.Deploy.0 = Debug|Any CPU
		{A9CA5918-C6CB-48F2-A1BA-B789F5657667}.Debug|iPhone.ActiveCfg = Debug|Any CPU
		{A9CA5918-C6CB-48F2-A1BA-B789F5657667}.Debug|iPhone.Build.0 = Debug|Any CPU
		{A9CA5918-C6CB-48F2-A1BA-B789F5657667}.Debug|iPhone.Deploy.0 = Debug|Any CPU
		{A9CA5918-C6CB-48F2-A1BA-B789F5657667}.Debug|iPhoneSimulator.ActiveCfg = Debug|Any CPU
		{A9CA5918-C6CB-48F2-A1BA-B789F5657667}.Debug|iPhoneSimulator.Build.0 = Debug|Any CPU
		{A9CA5918-C6CB-48F2-A1BA-B789F5657667}.Debug|iPhoneSimulator.Deploy.0 = Debug|Any CPU
		{A9CA5918-C6CB-48F2-A1BA-B789F5657667}.Debug|x64.ActiveCfg = Debug|Any CPU
		{A9CA5918-C6CB-48F2-A1BA-B789F5657667}.Debug|x64.Build.0 = Debug|Any CPU
		{A9CA5918-C6CB-48F2-A1BA-B789F5657667}.Debug|x64.Deploy.0 = Debug|Any CPU
		{A9CA5918-C6CB-48F2-A1BA-B789F5657667}.Debug|x86.ActiveCfg = Debug|Any CPU
		{A9CA5918-C6CB-48F2-A1BA-B789F5657667}.Debug|x86.Build.0 = Debug|Any CPU
		{A9CA5918-C6CB-48F2-A1BA-B789F5657667}.Debug|x86.Deploy.0 = Debug|Any CPU
		{A9CA5918-C6CB-48F2-A1BA-B789F5657667}.Release|Any CPU.ActiveCfg = Release|Any CPU
		{A9CA5918-C6CB-48F2-A1BA-B789F5657667}.Release|Any CPU.Build.0 = Release|Any CPU
		{A9CA5918-C6CB-48F2-A1BA-B789F5657667}.Release|Any CPU.Deploy.0 = Release|Any CPU
		{A9CA5918-C6CB-48F2-A1BA-B789F5657667}.Release|ARM.ActiveCfg = Release|Any CPU
		{A9CA5918-C6CB-48F2-A1BA-B789F5657667}.Release|ARM.Build.0 = Release|Any CPU
		{A9CA5918-C6CB-48F2-A1BA-B789F5657667}.Release|ARM.Deploy.0 = Release|Any CPU
		{A9CA5918-C6CB-48F2-A1BA-B789F5657667}.Release|iPhone.ActiveCfg = Release|Any CPU
		{A9CA5918-C6CB-48F2-A1BA-B789F5657667}.Release|iPhone.Build.0 = Release|Any CPU
		{A9CA5918-C6CB-48F2-A1BA-B789F5657667}.Release|iPhone.Deploy.0 = Release|Any CPU
		{A9CA5918-C6CB-48F2-A1BA-B789F5657667}.Release|iPhoneSimulator.ActiveCfg = Release|Any CPU
		{A9CA5918-C6CB-48F2-A1BA-B789F5657667}.Release|iPhoneSimulator.Build.0 = Release|Any CPU
		{A9CA5918-C6CB-48F2-A1BA-B789F5657667}.Release|iPhoneSimulator.Deploy.0 = Release|Any CPU
		{A9CA5918-C6CB-48F2-A1BA-B789F5657667}.Release|x64.ActiveCfg = Release|Any CPU
		{A9CA5918-C6CB-48F2-A1BA-B789F5657667}.Release|x64.Build.0 = Release|Any CPU
		{A9CA5918-C6CB-48F2-A1BA-B789F5657667}.Release|x64.Deploy.0 = Release|Any CPU
		{A9CA5918-C6CB-48F2-A1BA-B789F5657667}.Release|x86.ActiveCfg = Release|Any CPU
		{A9CA5918-C6CB-48F2-A1BA-B789F5657667}.Release|x86.Build.0 = Release|Any CPU
		{A9CA5918-C6CB-48F2-A1BA-B789F5657667}.Release|x86.Deploy.0 = Release|Any CPU
	EndGlobalSection
	GlobalSection(SolutionProperties) = preSolution
		HideSolutionNode = FALSE
	EndGlobalSection
	GlobalSection(ExtensibilityGlobals) = postSolution
		SolutionGuid = {5C00C795-2BBB-422D-9AC6-1ED19097818D}
	EndGlobalSection
EndGlobal
