
Microsoft Visual Studio Solution File, Format Version 12.00
# Visual Studio 15
VisualStudioVersion = 15.0.28307.136
MinimumVisualStudioVersion = 10.0.40219.1
Project("{9A19103F-16F7-4668-BE54-9A1E7A4F7556}") = "VolumeSliderPlugin", "VolumeSlider\VolumeSliderPlugin.csproj", "{CA515F48-A351-47D3-A5BE-A39BAF913355}"
EndProject
Project("{FAE04EC0-301F-11D3-BF4B-00C04F79EFBC}") = "VolumeSliderDemo.Android", "Demo\VolumeSliderDemo.Android\VolumeSliderDemo.Android.csproj", "{4B5E239D-534C-4C2E-A217-EE550D2912D5}"
EndProject
Project("{9A19103F-16F7-4668-BE54-9A1E7A4F7556}") = "VolumeSliderDemo", "Demo\VolumeSliderDemo\VolumeSliderDemo.csproj", "{1A9AC16B-0B4F-4AD9-8154-9481A3E18D41}"
EndProject
Project("{2150E333-8FDC-42A3-9474-1A3956D46DE8}") = "DemoProject", "DemoProject", "{807F66B4-5FBB-4630-A0D8-4605F0132834}"
EndProject
Project("{2150E333-8FDC-42A3-9474-1A3956D46DE8}") = "Assets", "Assets", "{FD01CA78-E4E7-4CF9-8B40-5C8051529D5E}"
	ProjectSection(SolutionItems) = preProject
		..\LICENSE = ..\LICENSE
		..\README.md = ..\README.md
		\\Mac\Home\Desktop\VolumeSliderAndroid.gif = \\Mac\Home\Desktop\VolumeSliderAndroid.gif
		\\Mac\Home\Desktop\VolumeSlideriOS.gif = \\Mac\Home\Desktop\VolumeSlideriOS.gif
	EndProjectSection
EndProject
Project("{FAE04EC0-301F-11D3-BF4B-00C04F79EFBC}") = "VolumeSliderDemo.iOS", "Demo\VolumeSliderDemo.iOS\VolumeSliderDemo.iOS.csproj", "{6639C6A4-467E-4E50-9E46-8D6CB775FAE0}"
EndProject
Global
	GlobalSection(SolutionConfigurationPlatforms) = preSolution
		Ad-Hoc|Any CPU = Ad-Hoc|Any CPU
		Ad-Hoc|iPhone = Ad-Hoc|iPhone
		Ad-Hoc|iPhoneSimulator = Ad-Hoc|iPhoneSimulator
		AppStore|Any CPU = AppStore|Any CPU
		AppStore|iPhone = AppStore|iPhone
		AppStore|iPhoneSimulator = AppStore|iPhoneSimulator
		Debug|Any CPU = Debug|Any CPU
		Debug|iPhone = Debug|iPhone
		Debug|iPhoneSimulator = Debug|iPhoneSimulator
		Release|Any CPU = Release|Any CPU
		Release|iPhone = Release|iPhone
		Release|iPhoneSimulator = Release|iPhoneSimulator
	EndGlobalSection
	GlobalSection(ProjectConfigurationPlatforms) = postSolution
		{CA515F48-A351-47D3-A5BE-A39BAF913355}.Ad-Hoc|Any CPU.ActiveCfg = Release|Any CPU
		{CA515F48-A351-47D3-A5BE-A39BAF913355}.Ad-Hoc|Any CPU.Build.0 = Release|Any CPU
		{CA515F48-A351-47D3-A5BE-A39BAF913355}.Ad-Hoc|iPhone.ActiveCfg = Release|Any CPU
		{CA515F48-A351-47D3-A5BE-A39BAF913355}.Ad-Hoc|iPhone.Build.0 = Release|Any CPU
		{CA515F48-A351-47D3-A5BE-A39BAF913355}.Ad-Hoc|iPhoneSimulator.ActiveCfg = Release|Any CPU
		{CA515F48-A351-47D3-A5BE-A39BAF913355}.Ad-Hoc|iPhoneSimulator.Build.0 = Release|Any CPU
		{CA515F48-A351-47D3-A5BE-A39BAF913355}.AppStore|Any CPU.ActiveCfg = Release|Any CPU
		{CA515F48-A351-47D3-A5BE-A39BAF913355}.AppStore|Any CPU.Build.0 = Release|Any CPU
		{CA515F48-A351-47D3-A5BE-A39BAF913355}.AppStore|iPhone.ActiveCfg = Release|Any CPU
		{CA515F48-A351-47D3-A5BE-A39BAF913355}.AppStore|iPhone.Build.0 = Release|Any CPU
		{CA515F48-A351-47D3-A5BE-A39BAF913355}.AppStore|iPhoneSimulator.ActiveCfg = Release|Any CPU
		{CA515F48-A351-47D3-A5BE-A39BAF913355}.AppStore|iPhoneSimulator.Build.0 = Release|Any CPU
		{CA515F48-A351-47D3-A5BE-A39BAF913355}.Debug|Any CPU.ActiveCfg = Debug|Any CPU
		{CA515F48-A351-47D3-A5BE-A39BAF913355}.Debug|Any CPU.Build.0 = Debug|Any CPU
		{CA515F48-A351-47D3-A5BE-A39BAF913355}.Debug|iPhone.ActiveCfg = Debug|Any CPU
		{CA515F48-A351-47D3-A5BE-A39BAF913355}.Debug|iPhone.Build.0 = Debug|Any CPU
		{CA515F48-A351-47D3-A5BE-A39BAF913355}.Debug|iPhoneSimulator.ActiveCfg = Debug|Any CPU
		{CA515F48-A351-47D3-A5BE-A39BAF913355}.Debug|iPhoneSimulator.Build.0 = Debug|Any CPU
		{CA515F48-A351-47D3-A5BE-A39BAF913355}.Release|Any CPU.ActiveCfg = Release|Any CPU
		{CA515F48-A351-47D3-A5BE-A39BAF913355}.Release|Any CPU.Build.0 = Release|Any CPU
		{CA515F48-A351-47D3-A5BE-A39BAF913355}.Release|iPhone.ActiveCfg = Release|Any CPU
		{CA515F48-A351-47D3-A5BE-A39BAF913355}.Release|iPhone.Build.0 = Release|Any CPU
		{CA515F48-A351-47D3-A5BE-A39BAF913355}.Release|iPhoneSimulator.ActiveCfg = Release|Any CPU
		{CA515F48-A351-47D3-A5BE-A39BAF913355}.Release|iPhoneSimulator.Build.0 = Release|Any CPU
		{4B5E239D-534C-4C2E-A217-EE550D2912D5}.Ad-Hoc|Any CPU.ActiveCfg = Release|Any CPU
		{4B5E239D-534C-4C2E-A217-EE550D2912D5}.Ad-Hoc|Any CPU.Build.0 = Release|Any CPU
		{4B5E239D-534C-4C2E-A217-EE550D2912D5}.Ad-Hoc|Any CPU.Deploy.0 = Release|Any CPU
		{4B5E239D-534C-4C2E-A217-EE550D2912D5}.Ad-Hoc|iPhone.ActiveCfg = Release|Any CPU
		{4B5E239D-534C-4C2E-A217-EE550D2912D5}.Ad-Hoc|iPhone.Build.0 = Release|Any CPU
		{4B5E239D-534C-4C2E-A217-EE550D2912D5}.Ad-Hoc|iPhone.Deploy.0 = Release|Any CPU
		{4B5E239D-534C-4C2E-A217-EE550D2912D5}.Ad-Hoc|iPhoneSimulator.ActiveCfg = Release|Any CPU
		{4B5E239D-534C-4C2E-A217-EE550D2912D5}.Ad-Hoc|iPhoneSimulator.Build.0 = Release|Any CPU
		{4B5E239D-534C-4C2E-A217-EE550D2912D5}.Ad-Hoc|iPhoneSimulator.Deploy.0 = Release|Any CPU
		{4B5E239D-534C-4C2E-A217-EE550D2912D5}.AppStore|Any CPU.ActiveCfg = Release|Any CPU
		{4B5E239D-534C-4C2E-A217-EE550D2912D5}.AppStore|Any CPU.Build.0 = Release|Any CPU
		{4B5E239D-534C-4C2E-A217-EE550D2912D5}.AppStore|Any CPU.Deploy.0 = Release|Any CPU
		{4B5E239D-534C-4C2E-A217-EE550D2912D5}.AppStore|iPhone.ActiveCfg = Release|Any CPU
		{4B5E239D-534C-4C2E-A217-EE550D2912D5}.AppStore|iPhone.Build.0 = Release|Any CPU
		{4B5E239D-534C-4C2E-A217-EE550D2912D5}.AppStore|iPhone.Deploy.0 = Release|Any CPU
		{4B5E239D-534C-4C2E-A217-EE550D2912D5}.AppStore|iPhoneSimulator.ActiveCfg = Release|Any CPU
		{4B5E239D-534C-4C2E-A217-EE550D2912D5}.AppStore|iPhoneSimulator.Build.0 = Release|Any CPU
		{4B5E239D-534C-4C2E-A217-EE550D2912D5}.AppStore|iPhoneSimulator.Deploy.0 = Release|Any CPU
		{4B5E239D-534C-4C2E-A217-EE550D2912D5}.Debug|Any CPU.ActiveCfg = Debug|Any CPU
		{4B5E239D-534C-4C2E-A217-EE550D2912D5}.Debug|Any CPU.Build.0 = Debug|Any CPU
		{4B5E239D-534C-4C2E-A217-EE550D2912D5}.Debug|Any CPU.Deploy.0 = Debug|Any CPU
		{4B5E239D-534C-4C2E-A217-EE550D2912D5}.Debug|iPhone.ActiveCfg = Debug|Any CPU
		{4B5E239D-534C-4C2E-A217-EE550D2912D5}.Debug|iPhone.Build.0 = Debug|Any CPU
		{4B5E239D-534C-4C2E-A217-EE550D2912D5}.Debug|iPhone.Deploy.0 = Debug|Any CPU
		{4B5E239D-534C-4C2E-A217-EE550D2912D5}.Debug|iPhoneSimulator.ActiveCfg = Debug|Any CPU
		{4B5E239D-534C-4C2E-A217-EE550D2912D5}.Debug|iPhoneSimulator.Build.0 = Debug|Any CPU
		{4B5E239D-534C-4C2E-A217-EE550D2912D5}.Debug|iPhoneSimulator.Deploy.0 = Debug|Any CPU
		{4B5E239D-534C-4C2E-A217-EE550D2912D5}.Release|Any CPU.ActiveCfg = Release|Any CPU
		{4B5E239D-534C-4C2E-A217-EE550D2912D5}.Release|Any CPU.Build.0 = Release|Any CPU
		{4B5E239D-534C-4C2E-A217-EE550D2912D5}.Release|Any CPU.Deploy.0 = Release|Any CPU
		{4B5E239D-534C-4C2E-A217-EE550D2912D5}.Release|iPhone.ActiveCfg = Release|Any CPU
		{4B5E239D-534C-4C2E-A217-EE550D2912D5}.Release|iPhone.Build.0 = Release|Any CPU
		{4B5E239D-534C-4C2E-A217-EE550D2912D5}.Release|iPhone.Deploy.0 = Release|Any CPU
		{4B5E239D-534C-4C2E-A217-EE550D2912D5}.Release|iPhoneSimulator.ActiveCfg = Release|Any CPU
		{4B5E239D-534C-4C2E-A217-EE550D2912D5}.Release|iPhoneSimulator.Build.0 = Release|Any CPU
		{4B5E239D-534C-4C2E-A217-EE550D2912D5}.Release|iPhoneSimulator.Deploy.0 = Release|Any CPU
		{1A9AC16B-0B4F-4AD9-8154-9481A3E18D41}.Ad-Hoc|Any CPU.ActiveCfg = Debug|Any CPU
		{1A9AC16B-0B4F-4AD9-8154-9481A3E18D41}.Ad-Hoc|Any CPU.Build.0 = Debug|Any CPU
		{1A9AC16B-0B4F-4AD9-8154-9481A3E18D41}.Ad-Hoc|iPhone.ActiveCfg = Debug|Any CPU
		{1A9AC16B-0B4F-4AD9-8154-9481A3E18D41}.Ad-Hoc|iPhone.Build.0 = Debug|Any CPU
		{1A9AC16B-0B4F-4AD9-8154-9481A3E18D41}.Ad-Hoc|iPhoneSimulator.ActiveCfg = Debug|Any CPU
		{1A9AC16B-0B4F-4AD9-8154-9481A3E18D41}.Ad-Hoc|iPhoneSimulator.Build.0 = Debug|Any CPU
		{1A9AC16B-0B4F-4AD9-8154-9481A3E18D41}.AppStore|Any CPU.ActiveCfg = Debug|Any CPU
		{1A9AC16B-0B4F-4AD9-8154-9481A3E18D41}.AppStore|Any CPU.Build.0 = Debug|Any CPU
		{1A9AC16B-0B4F-4AD9-8154-9481A3E18D41}.AppStore|iPhone.ActiveCfg = Debug|Any CPU
		{1A9AC16B-0B4F-4AD9-8154-9481A3E18D41}.AppStore|iPhone.Build.0 = Debug|Any CPU
		{1A9AC16B-0B4F-4AD9-8154-9481A3E18D41}.AppStore|iPhoneSimulator.ActiveCfg = Debug|Any CPU
		{1A9AC16B-0B4F-4AD9-8154-9481A3E18D41}.AppStore|iPhoneSimulator.Build.0 = Debug|Any CPU
		{1A9AC16B-0B4F-4AD9-8154-9481A3E18D41}.Debug|Any CPU.ActiveCfg = Debug|Any CPU
		{1A9AC16B-0B4F-4AD9-8154-9481A3E18D41}.Debug|Any CPU.Build.0 = Debug|Any CPU
		{1A9AC16B-0B4F-4AD9-8154-9481A3E18D41}.Debug|iPhone.ActiveCfg = Debug|Any CPU
		{1A9AC16B-0B4F-4AD9-8154-9481A3E18D41}.Debug|iPhone.Build.0 = Debug|Any CPU
		{1A9AC16B-0B4F-4AD9-8154-9481A3E18D41}.Debug|iPhoneSimulator.ActiveCfg = Debug|Any CPU
		{1A9AC16B-0B4F-4AD9-8154-9481A3E18D41}.Debug|iPhoneSimulator.Build.0 = Debug|Any CPU
		{1A9AC16B-0B4F-4AD9-8154-9481A3E18D41}.Release|Any CPU.ActiveCfg = Release|Any CPU
		{1A9AC16B-0B4F-4AD9-8154-9481A3E18D41}.Release|Any CPU.Build.0 = Release|Any CPU
		{1A9AC16B-0B4F-4AD9-8154-9481A3E18D41}.Release|iPhone.ActiveCfg = Release|Any CPU
		{1A9AC16B-0B4F-4AD9-8154-9481A3E18D41}.Release|iPhone.Build.0 = Release|Any CPU
		{1A9AC16B-0B4F-4AD9-8154-9481A3E18D41}.Release|iPhoneSimulator.ActiveCfg = Release|Any CPU
		{1A9AC16B-0B4F-4AD9-8154-9481A3E18D41}.Release|iPhoneSimulator.Build.0 = Release|Any CPU
		{6639C6A4-467E-4E50-9E46-8D6CB775FAE0}.Ad-Hoc|Any CPU.ActiveCfg = Ad-Hoc|iPhone
		{6639C6A4-467E-4E50-9E46-8D6CB775FAE0}.Ad-Hoc|iPhone.ActiveCfg = Ad-Hoc|iPhone
		{6639C6A4-467E-4E50-9E46-8D6CB775FAE0}.Ad-Hoc|iPhone.Build.0 = Ad-Hoc|iPhone
		{6639C6A4-467E-4E50-9E46-8D6CB775FAE0}.Ad-Hoc|iPhoneSimulator.ActiveCfg = Ad-Hoc|iPhoneSimulator
		{6639C6A4-467E-4E50-9E46-8D6CB775FAE0}.Ad-Hoc|iPhoneSimulator.Build.0 = Ad-Hoc|iPhoneSimulator
		{6639C6A4-467E-4E50-9E46-8D6CB775FAE0}.AppStore|Any CPU.ActiveCfg = AppStore|iPhone
		{6639C6A4-467E-4E50-9E46-8D6CB775FAE0}.AppStore|iPhone.ActiveCfg = AppStore|iPhone
		{6639C6A4-467E-4E50-9E46-8D6CB775FAE0}.AppStore|iPhone.Build.0 = AppStore|iPhone
		{6639C6A4-467E-4E50-9E46-8D6CB775FAE0}.AppStore|iPhoneSimulator.ActiveCfg = AppStore|iPhoneSimulator
		{6639C6A4-467E-4E50-9E46-8D6CB775FAE0}.AppStore|iPhoneSimulator.Build.0 = AppStore|iPhoneSimulator
		{6639C6A4-467E-4E50-9E46-8D6CB775FAE0}.Debug|Any CPU.ActiveCfg = Debug|iPhone
		{6639C6A4-467E-4E50-9E46-8D6CB775FAE0}.Debug|iPhone.ActiveCfg = Debug|iPhone
		{6639C6A4-467E-4E50-9E46-8D6CB775FAE0}.Debug|iPhone.Build.0 = Debug|iPhone
		{6639C6A4-467E-4E50-9E46-8D6CB775FAE0}.Debug|iPhoneSimulator.ActiveCfg = Debug|iPhoneSimulator
		{6639C6A4-467E-4E50-9E46-8D6CB775FAE0}.Debug|iPhoneSimulator.Build.0 = Debug|iPhoneSimulator
		{6639C6A4-467E-4E50-9E46-8D6CB775FAE0}.Release|Any CPU.ActiveCfg = Release|iPhone
		{6639C6A4-467E-4E50-9E46-8D6CB775FAE0}.Release|iPhone.ActiveCfg = Release|iPhone
		{6639C6A4-467E-4E50-9E46-8D6CB775FAE0}.Release|iPhone.Build.0 = Release|iPhone
		{6639C6A4-467E-4E50-9E46-8D6CB775FAE0}.Release|iPhoneSimulator.ActiveCfg = Release|iPhoneSimulator
		{6639C6A4-467E-4E50-9E46-8D6CB775FAE0}.Release|iPhoneSimulator.Build.0 = Release|iPhoneSimulator
	EndGlobalSection
	GlobalSection(SolutionProperties) = preSolution
		HideSolutionNode = FALSE
	EndGlobalSection
	GlobalSection(NestedProjects) = preSolution
		{4B5E239D-534C-4C2E-A217-EE550D2912D5} = {807F66B4-5FBB-4630-A0D8-4605F0132834}
		{1A9AC16B-0B4F-4AD9-8154-9481A3E18D41} = {807F66B4-5FBB-4630-A0D8-4605F0132834}
		{6639C6A4-467E-4E50-9E46-8D6CB775FAE0} = {807F66B4-5FBB-4630-A0D8-4605F0132834}
	EndGlobalSection
	GlobalSection(ExtensibilityGlobals) = postSolution
		SolutionGuid = {A8A7B17B-0622-4264-8256-5AA6139968C2}
	EndGlobalSection
EndGlobal
